
Microsoft Visual Studio Solution File, Format Version 12.00
# Visual Studio 2013
VisualStudioVersion = 12.0.21005.1
MinimumVisualStudioVersion = 10.0.40219.1
Project("{8BC9CEB8-8B4A-11D0-8D11-00A0C91BC942}") = "tut4", "tut4\tut4.vcxproj", "{7D236C81-8425-4BC2-B5C6-2F12F9B1B25E}"
EndProject
Global
	GlobalSection(SolutionConfigurationPlatforms) = preSolution
		Debug|Win32 = Debug|Win32
		Release|Win32 = Release|Win32
	EndGlobalSection
	GlobalSection(ProjectConfigurationPlatforms) = postSolution
		{7D236C81-8425-4BC2-B5C6-2F12F9B1B25E}.Debug|Win32.ActiveCfg = Debug|Win32
		{7D236C81-8425-4BC2-B5C6-2F12F9B1B25E}.Debug|Win32.Build.0 = Debug|Win32
		{7D236C81-8425-4BC2-B5C6-2F12F9B1B25E}.Release|Win32.ActiveCfg = Release|Win32
		{7D236C81-8425-4BC2-B5C6-2F12F9B1B25E}.Release|Win32.Build.0 = Release|Win32
	EndGlobalSection
	GlobalSection(SolutionProperties) = preSolution
		HideSolutionNode = FALSE
	EndGlobalSection
EndGlobal
